schema: '2.0'
stages:
  preprocess:
    cmd: python src/data/preprocess.py
    deps:
    - path: data/raw/vehicles.csv
      hash: md5
      md5: 0c1c4812ac8004523f9ee051683e7315
      size: 213
    - path: src/data/preprocess.py
      hash: md5
      md5: 44e803c29463c0e607638897391117bf
      size: 695
    outs:
    - path: data/processed/vehicles_clean.csv
      hash: md5
      md5: bc204529cb3460f49fa0d994d74bb4ef
      size: 227
  train:
    cmd: python src/models/train_model.py
    deps:
    - path: data/processed/vehicles_clean.csv
      hash: md5
      md5: bc204529cb3460f49fa0d994d74bb4ef
      size: 227
    - path: src/models/train_model.py
      hash: md5
      md5: 89e9df3ee355cdc4b34e298eaddb175b
      size: 1872
    outs:
    - path: models/model.pkl
      hash: md5
      md5: e06937ec6036738179a94b19bcc20458
      size: 66762
